
Microsoft Visual Studio Solution File, Format Version 12.00
# Visual Studio 2017
Project("{FAE04EC0-301F-11D3-BF4B-00C04F79EFBC}") = "MoonBase", "MoonBase.csproj", "{EC5BFC6B-6BB6-C363-A0D2-BD6FC9EF176F}"
EndProject
Global
	GlobalSection(SolutionConfigurationPlatforms) = preSolution
		Debug|Any CPU = Debug|Any CPU
		Release|Any CPU = Release|Any CPU
	EndGlobalSection
	GlobalSection(ProjectConfigurationPlatforms) = postSolution
		{EC5BFC6B-6BB6-C363-A0D2-BD6FC9EF176F}.Debug|Any CPU.ActiveCfg = Debug|Any CPU
		{EC5BFC6B-6BB6-C363-A0D2-BD6FC9EF176F}.Debug|Any CPU.Build.0 = Debug|Any CPU
		{EC5BFC6B-6BB6-C363-A0D2-BD6FC9EF176F}.Release|Any CPU.ActiveCfg = Release|Any CPU
		{EC5BFC6B-6BB6-C363-A0D2-BD6FC9EF176F}.Release|Any CPU.Build.0 = Release|Any CPU
	EndGlobalSection
	GlobalSection(SolutionProperties) = preSolution
		HideSolutionNode = FALSE
	EndGlobalSection
EndGlobal
